
Microsoft Visual Studio Solution File, Format Version 12.00
# Visual Studio Version 16
VisualStudioVersion = 25.0.1706.3
MinimumVisualStudioVersion = 10.0.40219.1
Project("{FAE04EC0-301F-11D3-BF4B-00C04F79EFBC}") = "P140", "P140\P140.csproj", "{341CDCCC-710C-46A8-AFBB-A0602E09169F}"
EndProject
Project("{FAE04EC0-301F-11D3-BF4B-00C04F79EFBC}") = "Basics", "Basircs\Basics.csproj", "{3FC94AC6-CCC8-45D5-8BFE-CC30A9EA51F6}"
EndProject
Project("{FAE04EC0-301F-11D3-BF4B-00C04F79EFBC}") = "Methods", "Methods\Methods.csproj", "{95201DFF-5452-49F8-8D32-2FBC4832E49F}"
EndProject
Project("{FAE04EC0-301F-11D3-BF4B-00C04F79EFBC}") = "Strings", "Strings\Strings.csproj", "{98495D51-4506-4401-87C0-18DB38047C8C}"
EndProject
Project("{FAE04EC0-301F-11D3-BF4B-00C04F79EFBC}") = "Arrays", "Arrays\Arrays.csproj", "{D2A64156-657E-487B-A752-B7C94235B61D}"
EndProject
Project("{FAE04EC0-301F-11D3-BF4B-00C04F79EFBC}") = "TypeCasting", "TypeCasting\TypeCasting.csproj", "{1DE87927-EA64-4441-9812-1911D4C7A560}"
EndProject
Project("{FAE04EC0-301F-11D3-BF4B-00C04F79EFBC}") = "ReferanceValueType", "ReferanceValueType\ReferanceValueType.csproj", "{6A12F491-5758-450E-B188-C559B503ADE3}"
EndProject
Project("{FAE04EC0-301F-11D3-BF4B-00C04F79EFBC}") = "Extras", "Extras\Extras.csproj", "{1879A55C-EE55-44E3-93C5-75AD09A27499}"
EndProject
Project("{FAE04EC0-301F-11D3-BF4B-00C04F79EFBC}") = "OOPIntro", "OOPIntro\OOPIntro.csproj", "{6D18D803-D900-4747-8FA9-9724CAE364BF}"
EndProject
Project("{FAE04EC0-301F-11D3-BF4B-00C04F79EFBC}") = "OOPStatic", "OOPStatic\OOPStatic.csproj", "{9044BA40-0EC1-4D04-994D-34EB0A609222}"
EndProject
Project("{FAE04EC0-301F-11D3-BF4B-00C04F79EFBC}") = "Inheritance", "Inheritance\Inheritance.csproj", "{A789903F-0571-4CA6-95B4-9D9EB3BED253}"
EndProject
Global
	GlobalSection(SolutionConfigurationPlatforms) = preSolution
		Debug|Any CPU = Debug|Any CPU
		Release|Any CPU = Release|Any CPU
	EndGlobalSection
	GlobalSection(ProjectConfigurationPlatforms) = postSolution
		{341CDCCC-710C-46A8-AFBB-A0602E09169F}.Debug|Any CPU.ActiveCfg = Debug|Any CPU
		{341CDCCC-710C-46A8-AFBB-A0602E09169F}.Debug|Any CPU.Build.0 = Debug|Any CPU
		{341CDCCC-710C-46A8-AFBB-A0602E09169F}.Release|Any CPU.ActiveCfg = Release|Any CPU
		{341CDCCC-710C-46A8-AFBB-A0602E09169F}.Release|Any CPU.Build.0 = Release|Any CPU
		{3FC94AC6-CCC8-45D5-8BFE-CC30A9EA51F6}.Debug|Any CPU.ActiveCfg = Debug|Any CPU
		{3FC94AC6-CCC8-45D5-8BFE-CC30A9EA51F6}.Debug|Any CPU.Build.0 = Debug|Any CPU
		{3FC94AC6-CCC8-45D5-8BFE-CC30A9EA51F6}.Release|Any CPU.ActiveCfg = Release|Any CPU
		{3FC94AC6-CCC8-45D5-8BFE-CC30A9EA51F6}.Release|Any CPU.Build.0 = Release|Any CPU
		{95201DFF-5452-49F8-8D32-2FBC4832E49F}.Debug|Any CPU.ActiveCfg = Debug|Any CPU
		{95201DFF-5452-49F8-8D32-2FBC4832E49F}.Debug|Any CPU.Build.0 = Debug|Any CPU
		{95201DFF-5452-49F8-8D32-2FBC4832E49F}.Release|Any CPU.ActiveCfg = Release|Any CPU
		{95201DFF-5452-49F8-8D32-2FBC4832E49F}.Release|Any CPU.Build.0 = Release|Any CPU
		{98495D51-4506-4401-87C0-18DB38047C8C}.Debug|Any CPU.ActiveCfg = Debug|Any CPU
		{98495D51-4506-4401-87C0-18DB38047C8C}.Debug|Any CPU.Build.0 = Debug|Any CPU
		{98495D51-4506-4401-87C0-18DB38047C8C}.Release|Any CPU.ActiveCfg = Release|Any CPU
		{98495D51-4506-4401-87C0-18DB38047C8C}.Release|Any CPU.Build.0 = Release|Any CPU
		{D2A64156-657E-487B-A752-B7C94235B61D}.Debug|Any CPU.ActiveCfg = Debug|Any CPU
		{D2A64156-657E-487B-A752-B7C94235B61D}.Debug|Any CPU.Build.0 = Debug|Any CPU
		{D2A64156-657E-487B-A752-B7C94235B61D}.Release|Any CPU.ActiveCfg = Release|Any CPU
		{D2A64156-657E-487B-A752-B7C94235B61D}.Release|Any CPU.Build.0 = Release|Any CPU
		{1DE87927-EA64-4441-9812-1911D4C7A560}.Debug|Any CPU.ActiveCfg = Debug|Any CPU
		{1DE87927-EA64-4441-9812-1911D4C7A560}.Debug|Any CPU.Build.0 = Debug|Any CPU
		{1DE87927-EA64-4441-9812-1911D4C7A560}.Release|Any CPU.ActiveCfg = Release|Any CPU
		{1DE87927-EA64-4441-9812-1911D4C7A560}.Release|Any CPU.Build.0 = Release|Any CPU
		{6A12F491-5758-450E-B188-C559B503ADE3}.Debug|Any CPU.ActiveCfg = Debug|Any CPU
		{6A12F491-5758-450E-B188-C559B503ADE3}.Debug|Any CPU.Build.0 = Debug|Any CPU
		{6A12F491-5758-450E-B188-C559B503ADE3}.Release|Any CPU.ActiveCfg = Release|Any CPU
		{6A12F491-5758-450E-B188-C559B503ADE3}.Release|Any CPU.Build.0 = Release|Any CPU
		{1879A55C-EE55-44E3-93C5-75AD09A27499}.Debug|Any CPU.ActiveCfg = Debug|Any CPU
		{1879A55C-EE55-44E3-93C5-75AD09A27499}.Debug|Any CPU.Build.0 = Debug|Any CPU
		{1879A55C-EE55-44E3-93C5-75AD09A27499}.Release|Any CPU.ActiveCfg = Release|Any CPU
		{1879A55C-EE55-44E3-93C5-75AD09A27499}.Release|Any CPU.Build.0 = Release|Any CPU
		{6D18D803-D900-4747-8FA9-9724CAE364BF}.Debug|Any CPU.ActiveCfg = Debug|Any CPU
		{6D18D803-D900-4747-8FA9-9724CAE364BF}.Debug|Any CPU.Build.0 = Debug|Any CPU
		{6D18D803-D900-4747-8FA9-9724CAE364BF}.Release|Any CPU.ActiveCfg = Release|Any CPU
		{6D18D803-D900-4747-8FA9-9724CAE364BF}.Release|Any CPU.Build.0 = Release|Any CPU
		{9044BA40-0EC1-4D04-994D-34EB0A609222}.Debug|Any CPU.ActiveCfg = Debug|Any CPU
		{9044BA40-0EC1-4D04-994D-34EB0A609222}.Debug|Any CPU.Build.0 = Debug|Any CPU
		{9044BA40-0EC1-4D04-994D-34EB0A609222}.Release|Any CPU.ActiveCfg = Release|Any CPU
		{9044BA40-0EC1-4D04-994D-34EB0A609222}.Release|Any CPU.Build.0 = Release|Any CPU
		{A789903F-0571-4CA6-95B4-9D9EB3BED253}.Debug|Any CPU.ActiveCfg = Debug|Any CPU
		{A789903F-0571-4CA6-95B4-9D9EB3BED253}.Debug|Any CPU.Build.0 = Debug|Any CPU
		{A789903F-0571-4CA6-95B4-9D9EB3BED253}.Release|Any CPU.ActiveCfg = Release|Any CPU
		{A789903F-0571-4CA6-95B4-9D9EB3BED253}.Release|Any CPU.Build.0 = Release|Any CPU
	EndGlobalSection
	GlobalSection(SolutionProperties) = preSolution
		HideSolutionNode = FALSE
	EndGlobalSection
	GlobalSection(ExtensibilityGlobals) = postSolution
		SolutionGuid = {B9B08C19-4262-470B-9918-2F3E7236A859}
	EndGlobalSection
EndGlobal
